
Microsoft Visual Studio Solution File, Format Version 12.00
# Visual Studio 2012
Project("{8BC9CEB8-8B4A-11D0-8D11-00A0C91BC942}") = "Network", "network\project\Network.vcxproj", "{6A9A0D64-0E1D-48C0-9FBC-75DF857486AA}"
EndProject
Project("{8BC9CEB8-8B4A-11D0-8D11-00A0C91BC942}") = "ArrayTest", "test\project\ArrayTest.vcxproj", "{CAC4C062-B334-4FEB-914C-E8CC132D7C99}"
	ProjectSection(ProjectDependencies) = postProject
		{9A760EE5-8651-4F11-A724-ED73357B8CA7} = {9A760EE5-8651-4F11-A724-ED73357B8CA7}
	EndProjectSection
EndProject
Project("{8BC9CEB8-8B4A-11D0-8D11-00A0C91BC942}") = "Common", "common\project\Common.vcxproj", "{9A760EE5-8651-4F11-A724-ED73357B8CA7}"
EndProject
Project("{8BC9CEB8-8B4A-11D0-8D11-00A0C91BC942}") = "NetworkTest", "test\project\NetworkTest.vcxproj", "{CF4CDA73-5F2E-4B33-BB64-C85739222681}"
	ProjectSection(ProjectDependencies) = postProject
		{6A9A0D64-0E1D-48C0-9FBC-75DF857486AA} = {6A9A0D64-0E1D-48C0-9FBC-75DF857486AA}
		{9A760EE5-8651-4F11-A724-ED73357B8CA7} = {9A760EE5-8651-4F11-A724-ED73357B8CA7}
	EndProjectSection
EndProject
Project("{2150E333-8FDC-42A3-9474-1A3956D46DE8}") = "Test", "Test", "{3A369227-C66B-4224-A19C-7748A05B9020}"
EndProject
Project("{8BC9CEB8-8B4A-11D0-8D11-00A0C91BC942}") = "Midware", "midware\project\Midware.vcxproj", "{F9FBC96E-E6CE-4C6D-A362-671901AD5318}"
EndProject
Project("{8BC9CEB8-8B4A-11D0-8D11-00A0C91BC942}") = "MidwareTest", "test\project\MidwareTest.vcxproj", "{D690E461-7B04-4F70-A0A4-C0A3875440B5}"
	ProjectSection(ProjectDependencies) = postProject
		{6A9A0D64-0E1D-48C0-9FBC-75DF857486AA} = {6A9A0D64-0E1D-48C0-9FBC-75DF857486AA}
		{F9FBC96E-E6CE-4C6D-A362-671901AD5318} = {F9FBC96E-E6CE-4C6D-A362-671901AD5318}
		{9A760EE5-8651-4F11-A724-ED73357B8CA7} = {9A760EE5-8651-4F11-A724-ED73357B8CA7}
	EndProjectSection
EndProject
Project("{8BC9CEB8-8B4A-11D0-8D11-00A0C91BC942}") = "ChatTest", "test\project\ChatTest.vcxproj", "{18990254-2A0F-453E-8F3A-AC8133639825}"
	ProjectSection(ProjectDependencies) = postProject
		{6A9A0D64-0E1D-48C0-9FBC-75DF857486AA} = {6A9A0D64-0E1D-48C0-9FBC-75DF857486AA}
		{F9FBC96E-E6CE-4C6D-A362-671901AD5318} = {F9FBC96E-E6CE-4C6D-A362-671901AD5318}
		{9A760EE5-8651-4F11-A724-ED73357B8CA7} = {9A760EE5-8651-4F11-A724-ED73357B8CA7}
	EndProjectSection
EndProject
Project("{8BC9CEB8-8B4A-11D0-8D11-00A0C91BC942}") = "SimpleNetwork", "simplenet\project\SimpleNetwork.vcxproj", "{2A0C1544-CB42-4AD2-8BDD-86990091337B}"
EndProject
Project("{8BC9CEB8-8B4A-11D0-8D11-00A0C91BC942}") = "SimpleNetworkTest", "test\project\SimpleNetworkTest.vcxproj", "{1D39109F-CF63-4224-8414-93125728D4DD}"
	ProjectSection(ProjectDependencies) = postProject
		{2A0C1544-CB42-4AD2-8BDD-86990091337B} = {2A0C1544-CB42-4AD2-8BDD-86990091337B}
		{9A760EE5-8651-4F11-A724-ED73357B8CA7} = {9A760EE5-8651-4F11-A724-ED73357B8CA7}
	EndProjectSection
EndProject
Global
	GlobalSection(SolutionConfigurationPlatforms) = preSolution
		Debug|Win32 = Debug|Win32
		Release|Win32 = Release|Win32
	EndGlobalSection
	GlobalSection(ProjectConfigurationPlatforms) = postSolution
		{6A9A0D64-0E1D-48C0-9FBC-75DF857486AA}.Debug|Win32.ActiveCfg = Debug|Win32
		{6A9A0D64-0E1D-48C0-9FBC-75DF857486AA}.Debug|Win32.Build.0 = Debug|Win32
		{6A9A0D64-0E1D-48C0-9FBC-75DF857486AA}.Release|Win32.ActiveCfg = Release|Win32
		{6A9A0D64-0E1D-48C0-9FBC-75DF857486AA}.Release|Win32.Build.0 = Release|Win32
		{CAC4C062-B334-4FEB-914C-E8CC132D7C99}.Debug|Win32.ActiveCfg = Debug|Win32
		{CAC4C062-B334-4FEB-914C-E8CC132D7C99}.Debug|Win32.Build.0 = Debug|Win32
		{CAC4C062-B334-4FEB-914C-E8CC132D7C99}.Release|Win32.ActiveCfg = Release|Win32
		{CAC4C062-B334-4FEB-914C-E8CC132D7C99}.Release|Win32.Build.0 = Release|Win32
		{9A760EE5-8651-4F11-A724-ED73357B8CA7}.Debug|Win32.ActiveCfg = Debug|Win32
		{9A760EE5-8651-4F11-A724-ED73357B8CA7}.Debug|Win32.Build.0 = Debug|Win32
		{9A760EE5-8651-4F11-A724-ED73357B8CA7}.Release|Win32.ActiveCfg = Release|Win32
		{9A760EE5-8651-4F11-A724-ED73357B8CA7}.Release|Win32.Build.0 = Release|Win32
		{CF4CDA73-5F2E-4B33-BB64-C85739222681}.Debug|Win32.ActiveCfg = Debug|Win32
		{CF4CDA73-5F2E-4B33-BB64-C85739222681}.Debug|Win32.Build.0 = Debug|Win32
		{CF4CDA73-5F2E-4B33-BB64-C85739222681}.Release|Win32.ActiveCfg = Release|Win32
		{CF4CDA73-5F2E-4B33-BB64-C85739222681}.Release|Win32.Build.0 = Release|Win32
		{F9FBC96E-E6CE-4C6D-A362-671901AD5318}.Debug|Win32.ActiveCfg = Debug|Win32
		{F9FBC96E-E6CE-4C6D-A362-671901AD5318}.Debug|Win32.Build.0 = Debug|Win32
		{F9FBC96E-E6CE-4C6D-A362-671901AD5318}.Release|Win32.ActiveCfg = Release|Win32
		{F9FBC96E-E6CE-4C6D-A362-671901AD5318}.Release|Win32.Build.0 = Release|Win32
		{D690E461-7B04-4F70-A0A4-C0A3875440B5}.Debug|Win32.ActiveCfg = Debug|Win32
		{D690E461-7B04-4F70-A0A4-C0A3875440B5}.Debug|Win32.Build.0 = Debug|Win32
		{D690E461-7B04-4F70-A0A4-C0A3875440B5}.Release|Win32.ActiveCfg = Release|Win32
		{D690E461-7B04-4F70-A0A4-C0A3875440B5}.Release|Win32.Build.0 = Release|Win32
		{18990254-2A0F-453E-8F3A-AC8133639825}.Debug|Win32.ActiveCfg = Debug|Win32
		{18990254-2A0F-453E-8F3A-AC8133639825}.Debug|Win32.Build.0 = Debug|Win32
		{18990254-2A0F-453E-8F3A-AC8133639825}.Release|Win32.ActiveCfg = Release|Win32
		{18990254-2A0F-453E-8F3A-AC8133639825}.Release|Win32.Build.0 = Release|Win32
		{2A0C1544-CB42-4AD2-8BDD-86990091337B}.Debug|Win32.ActiveCfg = Debug|Win32
		{2A0C1544-CB42-4AD2-8BDD-86990091337B}.Debug|Win32.Build.0 = Debug|Win32
		{2A0C1544-CB42-4AD2-8BDD-86990091337B}.Release|Win32.ActiveCfg = Release|Win32
		{2A0C1544-CB42-4AD2-8BDD-86990091337B}.Release|Win32.Build.0 = Release|Win32
		{1D39109F-CF63-4224-8414-93125728D4DD}.Debug|Win32.ActiveCfg = Debug|Win32
		{1D39109F-CF63-4224-8414-93125728D4DD}.Debug|Win32.Build.0 = Debug|Win32
		{1D39109F-CF63-4224-8414-93125728D4DD}.Release|Win32.ActiveCfg = Release|Win32
		{1D39109F-CF63-4224-8414-93125728D4DD}.Release|Win32.Build.0 = Release|Win32
	EndGlobalSection
	GlobalSection(SolutionProperties) = preSolution
		HideSolutionNode = FALSE
	EndGlobalSection
	GlobalSection(NestedProjects) = preSolution
		{CF4CDA73-5F2E-4B33-BB64-C85739222681} = {3A369227-C66B-4224-A19C-7748A05B9020}
		{CAC4C062-B334-4FEB-914C-E8CC132D7C99} = {3A369227-C66B-4224-A19C-7748A05B9020}
		{D690E461-7B04-4F70-A0A4-C0A3875440B5} = {3A369227-C66B-4224-A19C-7748A05B9020}
		{18990254-2A0F-453E-8F3A-AC8133639825} = {3A369227-C66B-4224-A19C-7748A05B9020}
		{1D39109F-CF63-4224-8414-93125728D4DD} = {3A369227-C66B-4224-A19C-7748A05B9020}
	EndGlobalSection
EndGlobal
