<?xml version="1.0" encoding="utf-8"?>
<Project ToolsVersion="4.0" xmlns="http://schemas.microsoft.com/developer/msbuild/2003">
  <ItemGroup>
    <ClCompile Include="..\src\allocator.cpp">
      <Filter>Source Files</Filter>
    </ClCompile>
    <ClCompile Include="..\src\util.cpp">
      <Filter>Source Files</Filter>
    </ClCompile>
    <ClCompile Include="..\src\easy_log.cpp">
      <Filter>Source Files</Filter>
    </ClCompile>
    <ClCompile Include="..\src\easy_buffer.cpp">
      <Filter>Source Files</Filter>
    </ClCompile>
    <ClCompile Include="..\src\easy_dump.cpp">
      <Filter>Source Files</Filter>
    </ClCompile>
  </ItemGroup>
  <ItemGroup>
    <ClInclude Include="..\src\allocator.h">
      <Filter>Header Files</Filter>
    </ClInclude>
    <ClInclude Include="..\src\arg.h">
      <Filter>Header Files</Filter>
    </ClInclude>
    <ClInclude Include="..\src\array.h">
      <Filter>Header Files</Filter>
    </ClInclude>
    <ClInclude Include="..\src\array_base.h">
      <Filter>Header Files</Filter>
    </ClInclude>
    <ClInclude Include="..\src\common.h">
      <Filter>Header Files</Filter>
    </ClInclude>
    <ClInclude Include="..\src\ds_aux.h">
      <Filter>Header Files</Filter>
    </ClInclude>
    <ClInclude Include="..\src\dy_array.h">
      <Filter>Header Files</Filter>
    </ClInclude>
    <ClInclude Include="..\src\dy_string.h">
      <Filter>Header Files</Filter>
    </ClInclude>
    <ClInclude Include="..\src\format.h">
      <Filter>Header Files</Filter>
    </ClInclude>
    <ClInclude Include="..\src\ft_assert.h">
      <Filter>Header Files</Filter>
    </ClInclude>
    <ClInclude Include="..\src\linux_base.h">
      <Filter>Header Files</Filter>
    </ClInclude>
    <ClInclude Include="..\src\local_string.h">
      <Filter>Header Files</Filter>
    </ClInclude>
    <ClInclude Include="..\src\mutex.h">
      <Filter>Header Files</Filter>
    </ClInclude>
    <ClInclude Include="..\src\mutex_locker.h">
      <Filter>Header Files</Filter>
    </ClInclude>
    <ClInclude Include="..\src\noncopyable.h">
      <Filter>Header Files</Filter>
    </ClInclude>
    <ClInclude Include="..\src\nonderivable.h">
      <Filter>Header Files</Filter>
    </ClInclude>
    <ClInclude Include="..\src\singleton.h">
      <Filter>Header Files</Filter>
    </ClInclude>
    <ClInclude Include="..\src\smart_ptr.h">
      <Filter>Header Files</Filter>
    </ClInclude>
    <ClInclude Include="..\src\string_base.h">
      <Filter>Header Files</Filter>
    </ClInclude>
    <ClInclude Include="..\src\type.h">
      <Filter>Header Files</Filter>
    </ClInclude>
    <ClInclude Include="..\src\type_list.h">
      <Filter>Header Files</Filter>
    </ClInclude>
    <ClInclude Include="..\src\type_traits.h">
      <Filter>Header Files</Filter>
    </ClInclude>
    <ClInclude Include="..\src\util.h">
      <Filter>Header Files</Filter>
    </ClInclude>
    <ClInclude Include="..\src\win32_base.h">
      <Filter>Header Files</Filter>
    </ClInclude>
    <ClInclude Include="..\src\easy_log.h">
      <Filter>Header Files</Filter>
    </ClInclude>
    <ClInclude Include="..\src\easy_buffer.h">
      <Filter>Header Files</Filter>
    </ClInclude>
    <ClInclude Include="..\src\base.h">
      <Filter>Header Files</Filter>
    </ClInclude>
    <ClInclude Include="..\src\easy_pool.h">
      <Filter>Header Files</Filter>
    </ClInclude>
    <ClInclude Include="..\src\easy_dump.h">
      <Filter>Header Files</Filter>
    </ClInclude>
    <ClInclude Include="..\src\easy_time.h">
      <Filter>Header Files</Filter>
    </ClInclude>
    <ClInclude Include="..\src\easy_perf.h">
      <Filter>Header Files</Filter>
    </ClInclude>
  </ItemGroup>
  <ItemGroup>
    <Filter Include="Header Files">
      <UniqueIdentifier>{da0f2678-4d3e-4951-ba63-1bcdc07eef83}</UniqueIdentifier>
    </Filter>
    <Filter Include="Source Files">
      <UniqueIdentifier>{52f2d9de-5eb8-4fd4-a32e-f8723b699de0}</UniqueIdentifier>
    </Filter>
  </ItemGroup>
</Project>